
Microsoft Visual Studio Solution File, Format Version 12.00
# Visual Studio Version 16
VisualStudioVersion = 16.0.31624.102
MinimumVisualStudioVersion = 10.0.40219.1
Project("{FAE04EC0-301F-11D3-BF4B-00C04F79EFBC}") = "Day 4", "Day 4\Day 4.csproj", "{452F1233-364D-4EB6-8691-F04A89164553}"
EndProject
Global
	GlobalSection(SolutionConfigurationPlatforms) = preSolution
		Debug|Any CPU = Debug|Any CPU
		Release|Any CPU = Release|Any CPU
	EndGlobalSection
	GlobalSection(ProjectConfigurationPlatforms) = postSolution
		{452F1233-364D-4EB6-8691-F04A89164553}.Debug|Any CPU.ActiveCfg = Debug|Any CPU
		{452F1233-364D-4EB6-8691-F04A89164553}.Debug|Any CPU.Build.0 = Debug|Any CPU
		{452F1233-364D-4EB6-8691-F04A89164553}.Release|Any CPU.ActiveCfg = Release|Any CPU
		{452F1233-364D-4EB6-8691-F04A89164553}.Release|Any CPU.Build.0 = Release|Any CPU
	EndGlobalSection
	GlobalSection(SolutionProperties) = preSolution
		HideSolutionNode = FALSE
	EndGlobalSection
	GlobalSection(ExtensibilityGlobals) = postSolution
		SolutionGuid = {70D7A3C4-DE4E-4FE6-B69E-E815A2D76D7D}
	EndGlobalSection
EndGlobal
